<?xml version="1.0" encoding="UTF-8" standalone="yes" ?>
<CodeBlocks_project_file>
	<FileVersion major="1" minor="6" />
	<Project>
		<Option title="msxbas2rom" />
		<Option pch_mode="2" />
		<Option compiler="gcc" />
		<Build>
			<Target title="Debug">
				<Option output="bin/Debug/msxbas2rom" prefix_auto="1" extension_auto="1" />
				<Option object_output="obj/Debug/" />
				<Option type="1" />
				<Option compiler="gcc" />
				<Option parameters="-c test/test7.bas" />
				<Compiler>
					<Add option="-std=c++11" />
					<Add option="-g" />
					<Add directory="include" />
				</Compiler>
				<ExtraCommands>
					<Add before="pasmo asm/header.asm asm/header.bin asm/header.symbols.asm" />
					<Add before="pasmo asm/header_pt3.asm asm/header_pt3.bin asm/header_pt3.symbols.asm" />
					<Add before="xxd -i asm/header.bin include/header.h" />
					<Add before="xxd -i asm/header_pt3.bin include/header_pt3.h" />
					<Add before="pasmo asm/routines.asm asm/routines.bin" />
					<Add before="xxd -i asm/routines.bin include/routines.h" />
					<Add before="pasmo asm/start.asm asm/start.bin" />
					<Add before="xxd -i asm/start.bin include/start.h" />
					<Add before="pasmo asm/pt3.asm asm/pt3.bin" />
					<Add before="pletter asm/pt3.bin" />
					<Add before="xxd -i asm/pt3.bin.plet5 include/pt3.h" />
				</ExtraCommands>
			</Target>
			<Target title="Release">
				<Option output="bin/Release/msxbas2rom" prefix_auto="1" extension_auto="1" />
				<Option object_output="obj/Release/" />
				<Option type="1" />
				<Option compiler="gcc" />
				<Compiler>
					<Add option="-O2" />
					<Add option="-std=c++11" />
					<Add directory="include" />
				</Compiler>
				<Linker>
					<Add option="-s" />
				</Linker>
			</Target>
			<Target title="Windows32">
				<Option output="bin/Windows32/msxbas2rom.exe" prefix_auto="1" extension_auto="0" />
				<Option object_output="obj/Windows32/" />
				<Option type="1" />
				<Option compiler="windows_32_cross_compiler" />
				<Compiler>
					<Add option="-O3" />
					<Add option="-std=c++11" />
					<Add option="-m32" />
					<Add directory="include" />
				</Compiler>
				<Linker>
					<Add option="-s" />
					<Add option="-static-libstdc++" />
					<Add option="-static-libgcc" />
					<Add option="-static" />
					<Add option="-m32" />
				</Linker>
			</Target>
			<Target title="Windows64">
				<Option output="bin/Windows64/msxbas2rom.exe" prefix_auto="1" extension_auto="0" />
				<Option object_output="obj/Windows64/" />
				<Option type="1" />
				<Option compiler="windows_64_cross_compiler" />
				<Compiler>
					<Add option="-O3" />
					<Add option="-std=c++11" />
					<Add option="-m64" />
					<Add directory="include" />
				</Compiler>
				<Linker>
					<Add option="-s" />
					<Add option="-static-libstdc++" />
					<Add option="-static-libgcc" />
					<Add option="-static" />
					<Add option="-m64" />
				</Linker>
			</Target>
		</Build>
		<Compiler>
			<Add option="-Wall" />
			<Add option="-fexceptions" />
		</Compiler>
		<Unit filename="asm/header.asm">
			<Option compile="0" />
			<Option link="0" />
		</Unit>
		<Unit filename="asm/header.symbols.asm">
			<Option compile="0" />
			<Option link="0" />
		</Unit>
		<Unit filename="asm/pt3.asm">
			<Option compile="0" />
			<Option link="0" />
		</Unit>
		<Unit filename="asm/routines.asm">
			<Option compile="0" />
			<Option link="0" />
		</Unit>
		<Unit filename="asm/start.asm">
			<Option compile="0" />
			<Option link="0" />
		</Unit>
		<Unit filename="include/compiler.h" />
		<Unit filename="include/compiler_hooks.h" />
		<Unit filename="include/compiler_pt3.h" />
		<Unit filename="include/compiler_pt3_hooks.h" />
		<Unit filename="include/header.h" />
		<Unit filename="include/header_pt3.h" />
		<Unit filename="include/lex.h" />
		<Unit filename="include/main.h" />
		<Unit filename="include/parse.h" />
		<Unit filename="include/pletter.h" />
		<Unit filename="include/pt3.h" />
		<Unit filename="include/rom.h" />
		<Unit filename="include/routines.h" />
		<Unit filename="include/start.h" />
		<Unit filename="include/tokenizer.h" />
		<Unit filename="include/turbo.h" />
		<Unit filename="src/compiler.cpp" />
		<Unit filename="src/compiler_pt3.cpp" />
		<Unit filename="src/lex.cpp" />
		<Unit filename="src/main.cpp" />
		<Unit filename="src/parse.cpp" />
		<Unit filename="src/pletter.cpp" />
		<Unit filename="src/rom.cpp" />
		<Unit filename="src/tokenizer.cpp" />
		<Extensions>
			<code_completion />
			<debugger />
		</Extensions>
	</Project>
</CodeBlocks_project_file>
